
Microsoft Visual Studio Solution File, Format Version 12.00
# Visual Studio 2013
VisualStudioVersion = 12.0.30723.0
MinimumVisualStudioVersion = 10.0.40219.1
Project("{FAE04EC0-301F-11D3-BF4B-00C04F79EFBC}") = "Platform_Game", "Platform_Game\Platform_Game\Platform_Game.csproj", "{0949B565-589A-4AA5-8191-39DC77AD9C4E}"
EndProject
Project("{96E2B04D-8817-42C6-938A-82C39BA4D311}") = "Platform_GameContent", "Platform_Game\Platform_GameContent\Platform_GameContent.contentproj", "{5BC2A1E1-B196-461C-BB36-75E7AD989421}"
EndProject
Global
	GlobalSection(SolutionConfigurationPlatforms) = preSolution
		Debug|x86 = Debug|x86
		Release|x86 = Release|x86
	EndGlobalSection
	GlobalSection(ProjectConfigurationPlatforms) = postSolution
		{0949B565-589A-4AA5-8191-39DC77AD9C4E}.Debug|x86.ActiveCfg = Debug|x86
		{0949B565-589A-4AA5-8191-39DC77AD9C4E}.Debug|x86.Build.0 = Debug|x86
		{0949B565-589A-4AA5-8191-39DC77AD9C4E}.Release|x86.ActiveCfg = Release|x86
		{0949B565-589A-4AA5-8191-39DC77AD9C4E}.Release|x86.Build.0 = Release|x86
		{5BC2A1E1-B196-461C-BB36-75E7AD989421}.Debug|x86.ActiveCfg = Debug|x86
		{5BC2A1E1-B196-461C-BB36-75E7AD989421}.Release|x86.ActiveCfg = Release|x86
	EndGlobalSection
	GlobalSection(SolutionProperties) = preSolution
		HideSolutionNode = FALSE
	EndGlobalSection
EndGlobal
